schema: '2.0'
stages:
  ingest:
    cmd: python -m lending_club.data.ingest
    deps:
    - path: data/raw/accepted_2007_to_2018Q4.csv
      hash: md5
      md5: 40d0463a883c602e3732b5f821a3dac7
      size: 1675133810
    - path: src/lending_club/data/ingest.py
      hash: md5
      md5: 9f6d46f74c023d3013bc2ec58e03f67b
      size: 1385
    params:
      params.yaml:
        features.allowlist:
        - loan_amnt
        - term
        - int_rate
        - installment
        - grade
        - sub_grade
        - emp_length
        - home_ownership
        - annual_inc
        - verification_status
        - purpose
        - addr_state
        - dti
        - delinq_2yrs
        - earliest_cr_line
        - fico_range_low
        - fico_range_high
        - inq_last_6mths
        - mths_since_last_delinq
        - mths_since_last_record
        - open_acc
        - pub_rec
        - revol_bal
        - revol_util
        - total_acc
        - initial_list_status
        - pub_rec_bankruptcies
        - acc_now_delinq
        - collections_12_mths_ex_med
        features.bookkeeping:
        - issue_d
        - loan_status
        - total_pymnt
        - recoveries
        - funded_amnt
        paths.raw_csv: data/raw/accepted_2007_to_2018Q4.csv
        paths.raw_parquet: data/interim/accepted_raw.parquet
    outs:
    - path: data/interim/accepted_raw.parquet
      hash: md5
      md5: 815d6f6858f5089add6ee16fdb5c512d
      size: 79016287
  prepare:
    cmd: python -m lending_club.data.prepare
    deps:
    - path: data/interim/accepted_raw.parquet
      hash: md5
      md5: 815d6f6858f5089add6ee16fdb5c512d
      size: 79016287
    - path: src/lending_club/data/prepare.py
      hash: md5
      md5: 66e19368d5f574471c3da55aa0cb4798
      size: 6433
    params:
      params.yaml:
        data:
          positive_statuses:
          - Charged Off
          - Default
          negative_statuses:
          - Fully Paid
          drop_statuses:
          - Current
          - In Grace Period
          - Late (16-30 days)
          - Late (31-120 days)
          keep_credit_policy_loans: true
          terms_months:
          - 36
          max_issue_date: '2015-12-01'
          min_issue_date: '2007-06-01'
        features.allowlist:
        - loan_amnt
        - term
        - int_rate
        - installment
        - grade
        - sub_grade
        - emp_length
        - home_ownership
        - annual_inc
        - verification_status
        - purpose
        - addr_state
        - dti
        - delinq_2yrs
        - earliest_cr_line
        - fico_range_low
        - fico_range_high
        - inq_last_6mths
        - mths_since_last_delinq
        - mths_since_last_record
        - open_acc
        - pub_rec
        - revol_bal
        - revol_util
        - total_acc
        - initial_list_status
        - pub_rec_bankruptcies
        - acc_now_delinq
        - collections_12_mths_ex_med
    outs:
    - path: data/interim/prepared.parquet
      hash: md5
      md5: 7bef3b4f5389ed0c3acfcd68e1f94c9d
      size: 33497902
  split:
    cmd: python -m lending_club.data.split
    deps:
    - path: data/interim/prepared.parquet
      hash: md5
      md5: 7bef3b4f5389ed0c3acfcd68e1f94c9d
      size: 33497902
    - path: src/lending_club/data/split.py
      hash: md5
      md5: 189bc16a7a5bcc128dd99386cf44c915
      size: 3168
    - path: src/lending_club/features/schema.py
      hash: md5
      md5: f340211b1a3dbaf9303242f8d694a98e
      size: 3813
    params:
      params.yaml:
        split:
          train:
            start: '2007-06-01'
            end: '2013-12-31'
          validation:
            start: '2014-01-01'
            end: '2014-12-31'
          test:
            start: '2015-01-01'
            end: '2015-12-31'
          cv_folds:
          - train_end: '2010-12-31'
            validate_year: 2011
          - train_end: '2011-12-31'
            validate_year: 2012
          - train_end: '2012-12-31'
            validate_year: 2013
    outs:
    - path: data/processed
      hash: md5
      md5: 6d8c0a392d8acd0867d28c058dc0db44.dir
      size: 33593025
      nfiles: 3
  train:
    cmd: python -m lending_club.models.train
    deps:
    - path: data/processed
      hash: md5
      md5: 6d8c0a392d8acd0867d28c058dc0db44.dir
      size: 33593025
      nfiles: 3
    - path: src/lending_club/features/pipeline.py
      hash: md5
      md5: 57e858809b3bc9cb6a6d2e4fb81fcbb9
      size: 7016
    - path: src/lending_club/models/baselines.py
      hash: md5
      md5: b71d950bf6af1bbc181cc3030b861e24
      size: 1884
    - path: src/lending_club/models/train.py
      hash: md5
      md5: 323d9ad0c4517c3333df628fb2e9f528
      size: 11468
    params:
      params.yaml:
        features.cap_percentile: 0.995
        features.groups:
          skewed_amount:
          - annual_inc
          - revol_bal
          numeric:
          - loan_amnt
          - int_rate
          - installment
          - dti
          - delinq_2yrs
          - inq_last_6mths
          - open_acc
          - pub_rec
          - total_acc
          - acc_now_delinq
          - collections_12_mths_ex_med
          - fico_mid
          - credit_history_months
          - loan_to_income
          - installment_to_income
          numeric_with_indicator:
          - emp_length_years
          - pub_rec_bankruptcies
          - revol_util
          structural_missing:
          - mths_since_last_delinq
          - mths_since_last_record
          ordinal:
            grade:
            - A
            - B
            - C
            - D
            - E
            - F
            - G
            sub_grade:
          nominal:
          - home_ownership
          - verification_status
          - purpose
          - addr_state
          - initial_list_status
          boolean:
          - not_credit_policy
        features.rare_category_min_frequency: 0.01
        mlflow:
          tracking_uri: sqlite:///mlflow.db
          experiment: lending-club-default
        model:
          tuning_metric: log_loss
          logistic_regression:
            grid:
              C:
              - 0.01
              - 0.1
              - 1.0
              class_weight:
              - 
              - balanced
            fixed:
              solver: lbfgs
              max_iter: 2000
          lightgbm:
            n_iter: 20
            search:
              num_leaves:
              - 15
              - 31
              - 63
              - 127
              max_depth:
              - -1
              - 4
              - 6
              - 8
              min_child_samples:
              - 20
              - 50
              - 100
              - 200
              subsample:
              - 0.6
              - 0.8
              - 1.0
              colsample_bytree:
              - 0.6
              - 0.8
              - 1.0
              reg_lambda:
              - 0.0
              - 1.0
              - 5.0
              - 20.0
              learning_rate:
              - 0.03
              - 0.05
              - 0.1
            fixed:
              objective: binary
              n_estimators: 2000
              subsample_freq: 1
              n_jobs: -1
              verbose: -1
            early_stopping_rounds: 100
        seed: 42
    outs:
    - path: models
      hash: md5
      md5: e17748340564c4b62f82b30eea4fc6e0.dir
      size: 532078
      nfiles: 3
    - path: reports/cv_results.json
      hash: md5
      md5: a0b379071a43d2f2039abfab0a1cfbc1
      size: 19628
  evaluate:
    cmd: python -m lending_club.evaluate
    deps:
    - path: data/processed
      hash: md5
      md5: 6d8c0a392d8acd0867d28c058dc0db44.dir
      size: 33593025
      nfiles: 3
    - path: models
      hash: md5
      md5: e17748340564c4b62f82b30eea4fc6e0.dir
      size: 532078
      nfiles: 3
    - path: src/lending_club/evaluate.py
      hash: md5
      md5: bbc403a2018e8b20ab36c9a3802430e2
      size: 12244
    - path: src/lending_club/policy/profit.py
      hash: md5
      md5: a348faf271bd274e21d73aacc22481f2
      size: 6784
    params:
      params.yaml:
        profit:
          lgd_fallback: 0.365
          threshold_grid:
            start: 0.02
            stop: 0.6
            step: 0.005
          min_share_funded: 0.1
          bootstrap_draws: 1000
        seed: 42
    outs:
    - path: artifacts/calibrators
      hash: md5
      md5: 8580ee4b34befe5d720478f47153132a.dir
      size: 540732
      nfiles: 3
    - path: reports/metrics.json
      hash: md5
      md5: 44c69490335adc04aac70af463f8ae7b
      size: 42037
  package:
    cmd: python -m lending_club.serving
    deps:
    - path: artifacts/calibrators
      hash: md5
      md5: 8580ee4b34befe5d720478f47153132a.dir
      size: 540732
      nfiles: 3
    - path: models
      hash: md5
      md5: e17748340564c4b62f82b30eea4fc6e0.dir
      size: 532078
      nfiles: 3
    - path: reports/cv_results.json
      hash: md5
      md5: a0b379071a43d2f2039abfab0a1cfbc1
      size: 19628
    - path: reports/metrics.json
      hash: md5
      md5: 44c69490335adc04aac70af463f8ae7b
      size: 42037
    - path: src/lending_club/serving/bundle.py
      hash: md5
      md5: 247f010fe5f26d190e6a90b4e2f10d9f
      size: 6189
    outs:
    - path: artifacts/bundle
      hash: md5
      md5: f1869fb5936a58cdeb55d67327626838.dir
      size: 1038727
      nfiles: 2
